
Microsoft Visual Studio Solution File, Format Version 12.00
# Visual Studio Version 16
VisualStudioVersion = 16.0.30907.101
MinimumVisualStudioVersion = 10.0.40219.1
Project("{9A19103F-16F7-4668-BE54-9A1E7A4F7556}") = "App.Api", "App.Api\App.Api.csproj", "{751C7B09-656E-403F-B617-F8769403D26E}"
EndProject
Project("{9A19103F-16F7-4668-BE54-9A1E7A4F7556}") = "App.Application", "App.Application\App.Application.csproj", "{2C51C31E-C09D-41A4-A648-D950558600CF}"
EndProject
Project("{9A19103F-16F7-4668-BE54-9A1E7A4F7556}") = "App.Domain", "App.Domain\App.Domain.csproj", "{5BEDF09A-4A14-4DBD-A468-8833B08F4136}"
EndProject
Project("{9A19103F-16F7-4668-BE54-9A1E7A4F7556}") = "App.Infrastructure", "App.Infrastructure\App.Infrastructure.csproj", "{2DC69466-1AA3-4293-9821-9FCDF646132B}"
EndProject
Project("{9A19103F-16F7-4668-BE54-9A1E7A4F7556}") = "App.UnitTest", "App.UnitTest\App.UnitTest.csproj", "{2A6F36EC-28A9-44AD-9742-4621D4CD3551}"
EndProject
Global
	GlobalSection(SolutionConfigurationPlatforms) = preSolution
		Debug|Any CPU = Debug|Any CPU
		Release|Any CPU = Release|Any CPU
	EndGlobalSection
	GlobalSection(ProjectConfigurationPlatforms) = postSolution
		{751C7B09-656E-403F-B617-F8769403D26E}.Debug|Any CPU.ActiveCfg = Debug|Any CPU
		{751C7B09-656E-403F-B617-F8769403D26E}.Debug|Any CPU.Build.0 = Debug|Any CPU
		{751C7B09-656E-403F-B617-F8769403D26E}.Release|Any CPU.ActiveCfg = Release|Any CPU
		{751C7B09-656E-403F-B617-F8769403D26E}.Release|Any CPU.Build.0 = Release|Any CPU
		{2C51C31E-C09D-41A4-A648-D950558600CF}.Debug|Any CPU.ActiveCfg = Debug|Any CPU
		{2C51C31E-C09D-41A4-A648-D950558600CF}.Debug|Any CPU.Build.0 = Debug|Any CPU
		{2C51C31E-C09D-41A4-A648-D950558600CF}.Release|Any CPU.ActiveCfg = Release|Any CPU
		{2C51C31E-C09D-41A4-A648-D950558600CF}.Release|Any CPU.Build.0 = Release|Any CPU
		{5BEDF09A-4A14-4DBD-A468-8833B08F4136}.Debug|Any CPU.ActiveCfg = Debug|Any CPU
		{5BEDF09A-4A14-4DBD-A468-8833B08F4136}.Debug|Any CPU.Build.0 = Debug|Any CPU
		{5BEDF09A-4A14-4DBD-A468-8833B08F4136}.Release|Any CPU.ActiveCfg = Release|Any CPU
		{5BEDF09A-4A14-4DBD-A468-8833B08F4136}.Release|Any CPU.Build.0 = Release|Any CPU
		{2DC69466-1AA3-4293-9821-9FCDF646132B}.Debug|Any CPU.ActiveCfg = Debug|Any CPU
		{2DC69466-1AA3-4293-9821-9FCDF646132B}.Debug|Any CPU.Build.0 = Debug|Any CPU
		{2DC69466-1AA3-4293-9821-9FCDF646132B}.Release|Any CPU.ActiveCfg = Release|Any CPU
		{2DC69466-1AA3-4293-9821-9FCDF646132B}.Release|Any CPU.Build.0 = Release|Any CPU
		{2A6F36EC-28A9-44AD-9742-4621D4CD3551}.Debug|Any CPU.ActiveCfg = Debug|Any CPU
		{2A6F36EC-28A9-44AD-9742-4621D4CD3551}.Debug|Any CPU.Build.0 = Debug|Any CPU
		{2A6F36EC-28A9-44AD-9742-4621D4CD3551}.Release|Any CPU.ActiveCfg = Release|Any CPU
		{2A6F36EC-28A9-44AD-9742-4621D4CD3551}.Release|Any CPU.Build.0 = Release|Any CPU
	EndGlobalSection
	GlobalSection(SolutionProperties) = preSolution
		HideSolutionNode = FALSE
	EndGlobalSection
	GlobalSection(ExtensibilityGlobals) = postSolution
		SolutionGuid = {B123BF5F-4553-40D4-83E9-EE4CEFEDF017}
	EndGlobalSection
EndGlobal
